// !$*UTF8*$!
{
	archiveVersion = 1;
	classes = {
	};
	objectVersion = 46;
	objects = {

/* Begin PBXBuildFile section */
		178B5A5D198E7379006414ED /* ContainerViewController.swift in Sources */ = {isa = PBXBuildFile; fileRef = 178B5A5C198E7379006414ED /* ContainerViewController.swift */; };
		179191C91A1D4F0D00072138 /* LaunchScreen.xib in Resources */ = {isa = PBXBuildFile; fileRef = 179191C81A1D4F0D00072138 /* LaunchScreen.xib */; };
		17C4DFD0198E428000E0B395 /* AppDelegate.swift in Sources */ = {isa = PBXBuildFile; fileRef = 17C4DFCF198E428000E0B395 /* AppDelegate.swift */; };
		17C4DFD5198E428000E0B395 /* Main.storyboard in Resources */ = {isa = PBXBuildFile; fileRef = 17C4DFD3198E428000E0B395 /* Main.storyboard */; };
		17C4DFD7198E428000E0B395 /* Images.xcassets in Resources */ = {isa = PBXBuildFile; fileRef = 17C4DFD6198E428000E0B395 /* Images.xcassets */; };
		17C4DFE3198E428000E0B395 /* SlideOutNavigationTests.swift in Sources */ = {isa = PBXBuildFile; fileRef = 17C4DFE2198E428000E0B395 /* SlideOutNavigationTests.swift */; };
		17C4E01B198E444000E0B395 /* MainMenu.swift in Sources */ = {isa = PBXBuildFile; fileRef = 17C4E01A198E444000E0B395 /* MainMenu.swift */; };
		17C4E01F198E477C00E0B395 /* CenterViewController.swift in Sources */ = {isa = PBXBuildFile; fileRef = 17C4E01E198E477C00E0B395 /* CenterViewController.swift */; };
		17C4E023198E504400E0B395 /* SidePanelViewController.swift in Sources */ = {isa = PBXBuildFile; fileRef = 17C4E022198E504400E0B395 /* SidePanelViewController.swift */; };
		6A41FE0E1B7295AA0036538A /* BenefitCoverageMainCell.swift in Sources */ = {isa = PBXBuildFile; fileRef = 6A41FE0D1B7295AA0036538A /* BenefitCoverageMainCell.swift */; };
		6A41FE101B73E73B0036538A /* ClaimHistoryExpandableCell.swift in Sources */ = {isa = PBXBuildFile; fileRef = 6A41FE0F1B73E73B0036538A /* ClaimHistoryExpandableCell.swift */; };
		6A41FE141B78D82F0036538A /* Profile_OverviewController.swift in Sources */ = {isa = PBXBuildFile; fileRef = 6A41FE131B78D82F0036538A /* Profile_OverviewController.swift */; };
		6A41FE161B78EAA90036538A /* Profile_ContactANDEmployerController.swift in Sources */ = {isa = PBXBuildFile; fileRef = 6A41FE151B78EAA90036538A /* Profile_ContactANDEmployerController.swift */; };
		6A41FE181B78EAC30036538A /* Profile_DependantsANDBeneficiariesController.swift in Sources */ = {isa = PBXBuildFile; fileRef = 6A41FE171B78EAC30036538A /* Profile_DependantsANDBeneficiariesController.swift */; };
		6A41FE251B7933030036538A /* FMDatabase.m in Sources */ = {isa = PBXBuildFile; fileRef = 6A41FE1C1B7933030036538A /* FMDatabase.m */; };
		6A41FE261B7933030036538A /* FMResultSet.m in Sources */ = {isa = PBXBuildFile; fileRef = 6A41FE1E1B7933030036538A /* FMResultSet.m */; };
		6A41FE271B7933030036538A /* FMDatabaseQueue.m in Sources */ = {isa = PBXBuildFile; fileRef = 6A41FE201B7933030036538A /* FMDatabaseQueue.m */; };
		6A41FE281B7933030036538A /* FMDatabaseAdditions.m in Sources */ = {isa = PBXBuildFile; fileRef = 6A41FE221B7933030036538A /* FMDatabaseAdditions.m */; };
		6A41FE291B7933030036538A /* FMDatabasePool.m in Sources */ = {isa = PBXBuildFile; fileRef = 6A41FE241B7933030036538A /* FMDatabasePool.m */; };
		6A41FE2B1B79345C0036538A /* libsqlite3.dylib in Frameworks */ = {isa = PBXBuildFile; fileRef = 6A41FE2A1B79345C0036538A /* libsqlite3.dylib */; };
		6A41FE2D1B7A1AB70036538A /* Profile_EDITContactController.swift in Sources */ = {isa = PBXBuildFile; fileRef = 6A41FE2C1B7A1AB70036538A /* Profile_EDITContactController.swift */; };
		6A41FE2F1B7BB66B0036538A /* ColorClass.swift in Sources */ = {isa = PBXBuildFile; fileRef = 6A41FE2E1B7BB66B0036538A /* ColorClass.swift */; };
		6AA87B561B6BF141000E8FDA /* polybackground.png in Resources */ = {isa = PBXBuildFile; fileRef = 6AA87B551B6BF141000E8FDA /* polybackground.png */; };
		6AA87B581B6BF14F000E8FDA /* manion_image.png in Resources */ = {isa = PBXBuildFile; fileRef = 6AA87B571B6BF14F000E8FDA /* manion_image.png */; };
		6AF081C21B71378F0016A9E0 /* ProfileViewController.swift in Sources */ = {isa = PBXBuildFile; fileRef = 6AF081C01B712B7F0016A9E0 /* ProfileViewController.swift */; };
		6AF081C41B7139E60016A9E0 /* ClaimsHistoryController.swift in Sources */ = {isa = PBXBuildFile; fileRef = 6AF081C31B7139E60016A9E0 /* ClaimsHistoryController.swift */; };
		6AF081C61B713C3C0016A9E0 /* CenterViewContainer.swift in Sources */ = {isa = PBXBuildFile; fileRef = 6AF081C51B713C3C0016A9E0 /* CenterViewContainer.swift */; };
		6AF081C81B7147880016A9E0 /* BenefitCoverageController.swift in Sources */ = {isa = PBXBuildFile; fileRef = 6AF081C71B7147880016A9E0 /* BenefitCoverageController.swift */; };
		6AF081CA1B7148860016A9E0 /* DocumentsController.swift in Sources */ = {isa = PBXBuildFile; fileRef = 6AF081C91B7148860016A9E0 /* DocumentsController.swift */; };
/* End PBXBuildFile section */

/* Begin PBXContainerItemProxy section */
		17C4DFDD198E428000E0B395 /* PBXContainerItemProxy */ = {
			isa = PBXContainerItemProxy;
			containerPortal = 17C4DFC2198E428000E0B395 /* Project object */;
			proxyType = 1;
			remoteGlobalIDString = 17C4DFC9198E428000E0B395;
			remoteInfo = SlideOutNavigation;
		};
/* End PBXContainerItemProxy section */

/* Begin PBXFileReference section */
		178B5A5C198E7379006414ED /* ContainerViewController.swift */ = {isa = PBXFileReference; fileEncoding = 4; lastKnownFileType = sourcecode.swift; path = ContainerViewController.swift; sourceTree = "<group>"; };
		179191C81A1D4F0D00072138 /* LaunchScreen.xib */ = {isa = PBXFileReference; fileEncoding = 4; lastKnownFileType = file.xib; path = LaunchScreen.xib; sourceTree = "<group>"; };
		17C4DFCA198E428000E0B395 /* SlideOutNavigation.app */ = {isa = PBXFileReference; explicitFileType = wrapper.application; includeInIndex = 0; path = SlideOutNavigation.app; sourceTree = BUILT_PRODUCTS_DIR; };
		17C4DFCE198E428000E0B395 /* Info.plist */ = {isa = PBXFileReference; lastKnownFileType = text.plist.xml; path = Info.plist; sourceTree = "<group>"; };
		17C4DFCF198E428000E0B395 /* AppDelegate.swift */ = {isa = PBXFileReference; lastKnownFileType = sourcecode.swift; path = AppDelegate.swift; sourceTree = "<group>"; };
		17C4DFD4198E428000E0B395 /* Base */ = {isa = PBXFileReference; lastKnownFileType = file.storyboard; name = Base; path = Base.lproj/Main.storyboard; sourceTree = "<group>"; };
		17C4DFD6198E428000E0B395 /* Images.xcassets */ = {isa = PBXFileReference; lastKnownFileType = folder.assetcatalog; path = Images.xcassets; sourceTree = "<group>"; };
		17C4DFDC198E428000E0B395 /* SlideOutNavigationTests.xctest */ = {isa = PBXFileReference; explicitFileType = wrapper.cfbundle; includeInIndex = 0; path = SlideOutNavigationTests.xctest; sourceTree = BUILT_PRODUCTS_DIR; };
		17C4DFE1198E428000E0B395 /* Info.plist */ = {isa = PBXFileReference; lastKnownFileType = text.plist.xml; path = Info.plist; sourceTree = "<group>"; };
		17C4DFE2198E428000E0B395 /* SlideOutNavigationTests.swift */ = {isa = PBXFileReference; lastKnownFileType = sourcecode.swift; path = SlideOutNavigationTests.swift; sourceTree = "<group>"; };
		17C4E01A198E444000E0B395 /* MainMenu.swift */ = {isa = PBXFileReference; fileEncoding = 4; lastKnownFileType = sourcecode.swift; path = MainMenu.swift; sourceTree = "<group>"; };
		17C4E01E198E477C00E0B395 /* CenterViewController.swift */ = {isa = PBXFileReference; fileEncoding = 4; lastKnownFileType = sourcecode.swift; path = CenterViewController.swift; sourceTree = "<group>"; };
		17C4E022198E504400E0B395 /* SidePanelViewController.swift */ = {isa = PBXFileReference; fileEncoding = 4; lastKnownFileType = sourcecode.swift; path = SidePanelViewController.swift; sourceTree = "<group>"; };
		6A41FE0D1B7295AA0036538A /* BenefitCoverageMainCell.swift */ = {isa = PBXFileReference; fileEncoding = 4; lastKnownFileType = sourcecode.swift; name = BenefitCoverageMainCell.swift; path = ../BenefitCoverageMainCell.swift; sourceTree = "<group>"; };
		6A41FE0F1B73E73B0036538A /* ClaimHistoryExpandableCell.swift */ = {isa = PBXFileReference; fileEncoding = 4; lastKnownFileType = sourcecode.swift; path = ClaimHistoryExpandableCell.swift; sourceTree = "<group>"; };
		6A41FE131B78D82F0036538A /* Profile_OverviewController.swift */ = {isa = PBXFileReference; fileEncoding = 4; lastKnownFileType = sourcecode.swift; path = Profile_OverviewController.swift; sourceTree = "<group>"; };
		6A41FE151B78EAA90036538A /* Profile_ContactANDEmployerController.swift */ = {isa = PBXFileReference; fileEncoding = 4; lastKnownFileType = sourcecode.swift; path = Profile_ContactANDEmployerController.swift; sourceTree = "<group>"; };
		6A41FE171B78EAC30036538A /* Profile_DependantsANDBeneficiariesController.swift */ = {isa = PBXFileReference; fileEncoding = 4; lastKnownFileType = sourcecode.swift; path = Profile_DependantsANDBeneficiariesController.swift; sourceTree = "<group>"; };
		6A41FE191B7933020036538A /* SlideOutNavigation-Bridging-Header.h */ = {isa = PBXFileReference; lastKnownFileType = sourcecode.c.h; name = "SlideOutNavigation-Bridging-Header.h"; path = "Supporting Files/SlideOutNavigation-Bridging-Header.h"; sourceTree = "<group>"; };
		6A41FE1A1B7933030036538A /* FMDB.h */ = {isa = PBXFileReference; fileEncoding = 4; lastKnownFileType = sourcecode.c.h; name = FMDB.h; path = "../Supporting Files/FMDB.h"; sourceTree = "<group>"; };
		6A41FE1B1B7933030036538A /* FMDatabase.h */ = {isa = PBXFileReference; fileEncoding = 4; lastKnownFileType = sourcecode.c.h; name = FMDatabase.h; path = "../Supporting Files/FMDatabase.h"; sourceTree = "<group>"; };
		6A41FE1C1B7933030036538A /* FMDatabase.m */ = {isa = PBXFileReference; fileEncoding = 4; lastKnownFileType = sourcecode.c.objc; name = FMDatabase.m; path = "../Supporting Files/FMDatabase.m"; sourceTree = "<group>"; };
		6A41FE1D1B7933030036538A /* FMResultSet.h */ = {isa = PBXFileReference; fileEncoding = 4; lastKnownFileType = sourcecode.c.h; name = FMResultSet.h; path = "../Supporting Files/FMResultSet.h"; sourceTree = "<group>"; };
		6A41FE1E1B7933030036538A /* FMResultSet.m */ = {isa = PBXFileReference; fileEncoding = 4; lastKnownFileType = sourcecode.c.objc; name = FMResultSet.m; path = "../Supporting Files/FMResultSet.m"; sourceTree = "<group>"; };
		6A41FE1F1B7933030036538A /* FMDatabaseQueue.h */ = {isa = PBXFileReference; fileEncoding = 4; lastKnownFileType = sourcecode.c.h; name = FMDatabaseQueue.h; path = "../Supporting Files/FMDatabaseQueue.h"; sourceTree = "<group>"; };
		6A41FE201B7933030036538A /* FMDatabaseQueue.m */ = {isa = PBXFileReference; fileEncoding = 4; lastKnownFileType = sourcecode.c.objc; name = FMDatabaseQueue.m; path = "../Supporting Files/FMDatabaseQueue.m"; sourceTree = "<group>"; };
		6A41FE211B7933030036538A /* FMDatabaseAdditions.h */ = {isa = PBXFileReference; fileEncoding = 4; lastKnownFileType = sourcecode.c.h; name = FMDatabaseAdditions.h; path = "../Supporting Files/FMDatabaseAdditions.h"; sourceTree = "<group>"; };
		6A41FE221B7933030036538A /* FMDatabaseAdditions.m */ = {isa = PBXFileReference; fileEncoding = 4; lastKnownFileType = sourcecode.c.objc; name = FMDatabaseAdditions.m; path = "../Supporting Files/FMDatabaseAdditions.m"; sourceTree = "<group>"; };
		6A41FE231B7933030036538A /* FMDatabasePool.h */ = {isa = PBXFileReference; fileEncoding = 4; lastKnownFileType = sourcecode.c.h; name = FMDatabasePool.h; path = "../Supporting Files/FMDatabasePool.h"; sourceTree = "<group>"; };
		6A41FE241B7933030036538A /* FMDatabasePool.m */ = {isa = PBXFileReference; fileEncoding = 4; lastKnownFileType = sourcecode.c.objc; name = FMDatabasePool.m; path = "../Supporting Files/FMDatabasePool.m"; sourceTree = "<group>"; };
		6A41FE2A1B79345C0036538A /* libsqlite3.dylib */ = {isa = PBXFileReference; lastKnownFileType = "compiled.mach-o.dylib"; name = libsqlite3.dylib; path = usr/lib/libsqlite3.dylib; sourceTree = SDKROOT; };
		6A41FE2C1B7A1AB70036538A /* Profile_EDITContactController.swift */ = {isa = PBXFileReference; fileEncoding = 4; lastKnownFileType = sourcecode.swift; path = Profile_EDITContactController.swift; sourceTree = "<group>"; };
		6A41FE2E1B7BB66B0036538A /* ColorClass.swift */ = {isa = PBXFileReference; fileEncoding = 4; lastKnownFileType = sourcecode.swift; path = ColorClass.swift; sourceTree = "<group>"; };
		6AA87B551B6BF141000E8FDA /* polybackground.png */ = {isa = PBXFileReference; lastKnownFileType = image.png; path = polybackground.png; sourceTree = "<group>"; };
		6AA87B571B6BF14F000E8FDA /* manion_image.png */ = {isa = PBXFileReference; lastKnownFileType = image.png; path = manion_image.png; sourceTree = "<group>"; };
		6AF081C01B712B7F0016A9E0 /* ProfileViewController.swift */ = {isa = PBXFileReference; fileEncoding = 4; lastKnownFileType = sourcecode.swift; name = ProfileViewController.swift; path = SlideOutNavigation/ProfileViewController.swift; sourceTree = SOURCE_ROOT; };
		6AF081C31B7139E60016A9E0 /* ClaimsHistoryController.swift */ = {isa = PBXFileReference; fileEncoding = 4; lastKnownFileType = sourcecode.swift; name = ClaimsHistoryController.swift; path = SlideOutNavigation/ClaimsHistoryController.swift; sourceTree = SOURCE_ROOT; };
		6AF081C51B713C3C0016A9E0 /* CenterViewContainer.swift */ = {isa = PBXFileReference; fileEncoding = 4; lastKnownFileType = sourcecode.swift; path = CenterViewContainer.swift; sourceTree = "<group>"; };
		6AF081C71B7147880016A9E0 /* BenefitCoverageController.swift */ = {isa = PBXFileReference; fileEncoding = 4; lastKnownFileType = sourcecode.swift; name = BenefitCoverageController.swift; path = SlideOutNavigation/BenefitCoverageController.swift; sourceTree = SOURCE_ROOT; };
		6AF081C91B7148860016A9E0 /* DocumentsController.swift */ = {isa = PBXFileReference; fileEncoding = 4; lastKnownFileType = sourcecode.swift; name = DocumentsController.swift; path = SlideOutNavigation/DocumentsController.swift; sourceTree = SOURCE_ROOT; };
/* End PBXFileReference section */

/* Begin PBXFrameworksBuildPhase section */
		17C4DFC7198E428000E0B395 /* Frameworks */ = {
			isa = PBXFrameworksBuildPhase;
			buildActionMask = 2147483647;
			files = (
				6A41FE2B1B79345C0036538A /* libsqlite3.dylib in Frameworks */,
			);
			runOnlyForDeploymentPostprocessing = 0;
		};
		17C4DFD9198E428000E0B395 /* Frameworks */ = {
			isa = PBXFrameworksBuildPhase;
			buildActionMask = 2147483647;
			files = (
			);
			runOnlyForDeploymentPostprocessing = 0;
		};
/* End PBXFrameworksBuildPhase section */

/* Begin PBXGroup section */
		17BDB3511998A8860064476C /* Resources */ = {
			isa = PBXGroup;
			children = (
				6A41FE1A1B7933030036538A /* FMDB.h */,
				6A41FE1B1B7933030036538A /* FMDatabase.h */,
				6A41FE1C1B7933030036538A /* FMDatabase.m */,
				6A41FE1D1B7933030036538A /* FMResultSet.h */,
				6A41FE1E1B7933030036538A /* FMResultSet.m */,
				6A41FE1F1B7933030036538A /* FMDatabaseQueue.h */,
				6A41FE201B7933030036538A /* FMDatabaseQueue.m */,
				6A41FE211B7933030036538A /* FMDatabaseAdditions.h */,
				6A41FE221B7933030036538A /* FMDatabaseAdditions.m */,
				6A41FE231B7933030036538A /* FMDatabasePool.h */,
				6A41FE241B7933030036538A /* FMDatabasePool.m */,
				6AA87B541B6BF119000E8FDA /* Manion Images */,
			);
			path = Resources;
			sourceTree = "<group>";
		};
		17C4DFC1198E428000E0B395 = {
			isa = PBXGroup;
			children = (
				6A41FE2A1B79345C0036538A /* libsqlite3.dylib */,
				17C4DFCC198E428000E0B395 /* SlideOutNavigation */,
				17C4DFDF198E428000E0B395 /* SlideOutNavigationTests */,
				17C4DFCB198E428000E0B395 /* Products */,
			);
			sourceTree = "<group>";
		};
		17C4DFCB198E428000E0B395 /* Products */ = {
			isa = PBXGroup;
			children = (
				17C4DFCA198E428000E0B395 /* SlideOutNavigation.app */,
				17C4DFDC198E428000E0B395 /* SlideOutNavigationTests.xctest */,
			);
			name = Products;
			sourceTree = "<group>";
		};
		17C4DFCC198E428000E0B395 /* SlideOutNavigation */ = {
			isa = PBXGroup;
			children = (
				17BDB3511998A8860064476C /* Resources */,
				17C4DFCF198E428000E0B395 /* AppDelegate.swift */,
				17C4E01E198E477C00E0B395 /* CenterViewController.swift */,
				178B5A5C198E7379006414ED /* ContainerViewController.swift */,
				17C4E022198E504400E0B395 /* SidePanelViewController.swift */,
				6AF081C51B713C3C0016A9E0 /* CenterViewContainer.swift */,
				6AF081C01B712B7F0016A9E0 /* ProfileViewController.swift */,
				6A41FE131B78D82F0036538A /* Profile_OverviewController.swift */,
				6A41FE151B78EAA90036538A /* Profile_ContactANDEmployerController.swift */,
				6A41FE2C1B7A1AB70036538A /* Profile_EDITContactController.swift */,
				6A41FE171B78EAC30036538A /* Profile_DependantsANDBeneficiariesController.swift */,
				6AF081C31B7139E60016A9E0 /* ClaimsHistoryController.swift */,
				6A41FE0F1B73E73B0036538A /* ClaimHistoryExpandableCell.swift */,
				6AF081C71B7147880016A9E0 /* BenefitCoverageController.swift */,
				6A41FE0D1B7295AA0036538A /* BenefitCoverageMainCell.swift */,
				6AF081C91B7148860016A9E0 /* DocumentsController.swift */,
				17C4E01A198E444000E0B395 /* MainMenu.swift */,
				17C4DFD3198E428000E0B395 /* Main.storyboard */,
				6A41FE2E1B7BB66B0036538A /* ColorClass.swift */,
				179191C81A1D4F0D00072138 /* LaunchScreen.xib */,
				6A41FE191B7933020036538A /* SlideOutNavigation-Bridging-Header.h */,
				17C4DFD6198E428000E0B395 /* Images.xcassets */,
				17C4DFCD198E428000E0B395 /* Supporting Files */,
			);
			path = SlideOutNavigation;
			sourceTree = "<group>";
		};
		17C4DFCD198E428000E0B395 /* Supporting Files */ = {
			isa = PBXGroup;
			children = (
				17C4DFCE198E428000E0B395 /* Info.plist */,
			);
			path = "Supporting Files";
			sourceTree = "<group>";
		};
		17C4DFDF198E428000E0B395 /* SlideOutNavigationTests */ = {
			isa = PBXGroup;
			children = (
				17C4DFE2198E428000E0B395 /* SlideOutNavigationTests.swift */,
				17C4DFE0198E428000E0B395 /* Supporting Files */,
			);
			path = SlideOutNavigationTests;
			sourceTree = "<group>";
		};
		17C4DFE0198E428000E0B395 /* Supporting Files */ = {
			isa = PBXGroup;
			children = (
				17C4DFE1198E428000E0B395 /* Info.plist */,
			);
			path = "Supporting Files";
			sourceTree = "<group>";
		};
		6AA87B541B6BF119000E8FDA /* Manion Images */ = {
			isa = PBXGroup;
			children = (
				6AA87B571B6BF14F000E8FDA /* manion_image.png */,
				6AA87B551B6BF141000E8FDA /* polybackground.png */,
			);
			name = "Manion Images";
			sourceTree = "<group>";
		};
/* End PBXGroup section */

/* Begin PBXNativeTarget section */
		17C4DFC9198E428000E0B395 /* SlideOutNavigation */ = {
			isa = PBXNativeTarget;
			buildConfigurationList = 17C4DFE6198E428000E0B395 /* Build configuration list for PBXNativeTarget "SlideOutNavigation" */;
			buildPhases = (
				17C4DFC6198E428000E0B395 /* Sources */,
				17C4DFC7198E428000E0B395 /* Frameworks */,
				17C4DFC8198E428000E0B395 /* Resources */,
			);
			buildRules = (
			);
			dependencies = (
			);
			name = SlideOutNavigation;
			productName = SlideOutNavigation;
			productReference = 17C4DFCA198E428000E0B395 /* SlideOutNavigation.app */;
			productType = "com.apple.product-type.application";
		};
		17C4DFDB198E428000E0B395 /* SlideOutNavigationTests */ = {
			isa = PBXNativeTarget;
			buildConfigurationList = 17C4DFE9198E428000E0B395 /* Build configuration list for PBXNativeTarget "SlideOutNavigationTests" */;
			buildPhases = (
				17C4DFD8198E428000E0B395 /* Sources */,
				17C4DFD9198E428000E0B395 /* Frameworks */,
				17C4DFDA198E428000E0B395 /* Resources */,
			);
			buildRules = (
			);
			dependencies = (
				17C4DFDE198E428000E0B395 /* PBXTargetDependency */,
			);
			name = SlideOutNavigationTests;
			productName = SlideOutNavigationTests;
			productReference = 17C4DFDC198E428000E0B395 /* SlideOutNavigationTests.xctest */;
			productType = "com.apple.product-type.bundle.unit-test";
		};
/* End PBXNativeTarget section */

/* Begin PBXProject section */
		17C4DFC2198E428000E0B395 /* Project object */ = {
			isa = PBXProject;
			attributes = {
				LastUpgradeCheck = 0600;
				ORGANIZATIONNAME = "Brent Simmons";
				TargetAttributes = {
					17C4DFC9198E428000E0B395 = {
						CreatedOnToolsVersion = 6.0;
						DevelopmentTeam = 9WNUZP7A5P;
					};
					17C4DFDB198E428000E0B395 = {
						CreatedOnToolsVersion = 6.0;
						TestTargetID = 17C4DFC9198E428000E0B395;
					};
				};
			};
			buildConfigurationList = 17C4DFC5198E428000E0B395 /* Build configuration list for PBXProject "Manion Wilkins" */;
			compatibilityVersion = "Xcode 3.2";
			developmentRegion = English;
			hasScannedForEncodings = 0;
			knownRegions = (
				en,
				Base,
			);
			mainGroup = 17C4DFC1198E428000E0B395;
			productRefGroup = 17C4DFCB198E428000E0B395 /* Products */;
			projectDirPath = "";
			projectRoot = "";
			targets = (
				17C4DFC9198E428000E0B395 /* SlideOutNavigation */,
				17C4DFDB198E428000E0B395 /* SlideOutNavigationTests */,
			);
		};
/* End PBXProject section */

/* Begin PBXResourcesBuildPhase section */
		17C4DFC8198E428000E0B395 /* Resources */ = {
			isa = PBXResourcesBuildPhase;
			buildActionMask = 2147483647;
			files = (
				17C4DFD5198E428000E0B395 /* Main.storyboard in Resources */,
				6AA87B581B6BF14F000E8FDA /* manion_image.png in Resources */,
				17C4DFD7198E428000E0B395 /* Images.xcassets in Resources */,
				6AA87B561B6BF141000E8FDA /* polybackground.png in Resources */,
				179191C91A1D4F0D00072138 /* LaunchScreen.xib in Resources */,
			);
			runOnlyForDeploymentPostprocessing = 0;
		};
		17C4DFDA198E428000E0B395 /* Resources */ = {
			isa = PBXResourcesBuildPhase;
			buildActionMask = 2147483647;
			files = (
			);
			runOnlyForDeploymentPostprocessing = 0;
		};
/* End PBXResourcesBuildPhase section */

/* Begin PBXSourcesBuildPhase section */
		17C4DFC6198E428000E0B395 /* Sources */ = {
			isa = PBXSourcesBuildPhase;
			buildActionMask = 2147483647;
			files = (
				6A41FE0E1B7295AA0036538A /* BenefitCoverageMainCell.swift in Sources */,
				6AF081C21B71378F0016A9E0 /* ProfileViewController.swift in Sources */,
				17C4DFD0198E428000E0B395 /* AppDelegate.swift in Sources */,
				6AF081C41B7139E60016A9E0 /* ClaimsHistoryController.swift in Sources */,
				6AF081C61B713C3C0016A9E0 /* CenterViewContainer.swift in Sources */,
				17C4E01B198E444000E0B395 /* MainMenu.swift in Sources */,
				6A41FE101B73E73B0036538A /* ClaimHistoryExpandableCell.swift in Sources */,
				178B5A5D198E7379006414ED /* ContainerViewController.swift in Sources */,
				6A41FE2F1B7BB66B0036538A /* ColorClass.swift in Sources */,
				6AF081CA1B7148860016A9E0 /* DocumentsController.swift in Sources */,
				6A41FE181B78EAC30036538A /* Profile_DependantsANDBeneficiariesController.swift in Sources */,
				17C4E023198E504400E0B395 /* SidePanelViewController.swift in Sources */,
				17C4E01F198E477C00E0B395 /* CenterViewController.swift in Sources */,
				6A41FE141B78D82F0036538A /* Profile_OverviewController.swift in Sources */,
				6A41FE2D1B7A1AB70036538A /* Profile_EDITContactController.swift in Sources */,
				6A41FE261B7933030036538A /* FMResultSet.m in Sources */,
				6AF081C81B7147880016A9E0 /* BenefitCoverageController.swift in Sources */,
				6A41FE281B7933030036538A /* FMDatabaseAdditions.m in Sources */,
				6A41FE161B78EAA90036538A /* Profile_ContactANDEmployerController.swift in Sources */,
				6A41FE291B7933030036538A /* FMDatabasePool.m in Sources */,
				6A41FE251B7933030036538A /* FMDatabase.m in Sources */,
				6A41FE271B7933030036538A /* FMDatabaseQueue.m in Sources */,
			);
			runOnlyForDeploymentPostprocessing = 0;
		};
		17C4DFD8198E428000E0B395 /* Sources */ = {
			isa = PBXSourcesBuildPhase;
			buildActionMask = 2147483647;
			files = (
				17C4DFE3198E428000E0B395 /* SlideOutNavigationTests.swift in Sources */,
			);
			runOnlyForDeploymentPostprocessing = 0;
		};
/* End PBXSourcesBuildPhase section */

/* Begin PBXTargetDependency section */
		17C4DFDE198E428000E0B395 /* PBXTargetDependency */ = {
			isa = PBXTargetDependency;
			target = 17C4DFC9198E428000E0B395 /* SlideOutNavigation */;
			targetProxy = 17C4DFDD198E428000E0B395 /* PBXContainerItemProxy */;
		};
/* End PBXTargetDependency section */

/* Begin PBXVariantGroup section */
		17C4DFD3198E428000E0B395 /* Main.storyboard */ = {
			isa = PBXVariantGroup;
			children = (
				17C4DFD4198E428000E0B395 /* Base */,
			);
			name = Main.storyboard;
			sourceTree = "<group>";
		};
/* End PBXVariantGroup section */

/* Begin XCBuildConfiguration section */
		17C4DFE4198E428000E0B395 /* Debug */ = {
			isa = XCBuildConfiguration;
			buildSettings = {
				ALWAYS_SEARCH_USER_PATHS = NO;
				CLANG_CXX_LANGUAGE_STANDARD = "gnu++0x";
				CLANG_CXX_LIBRARY = "libc++";
				CLANG_ENABLE_MODULES = YES;
				CLANG_ENABLE_OBJC_ARC = YES;
				CLANG_WARN_BOOL_CONVERSION = YES;
				CLANG_WARN_CONSTANT_CONVERSION = YES;
				CLANG_WARN_DIRECT_OBJC_ISA_USAGE = YES_ERROR;
				CLANG_WARN_EMPTY_BODY = YES;
				CLANG_WARN_ENUM_CONVERSION = YES;
				CLANG_WARN_INT_CONVERSION = YES;
				CLANG_WARN_OBJC_ROOT_CLASS = YES_ERROR;
				CLANG_WARN_UNREACHABLE_CODE = YES;
				CLANG_WARN__DUPLICATE_METHOD_MATCH = YES;
				"CODE_SIGN_IDENTITY[sdk=iphoneos*]" = "iPhone Developer";
				COPY_PHASE_STRIP = NO;
				ENABLE_STRICT_OBJC_MSGSEND = YES;
				GCC_C_LANGUAGE_STANDARD = gnu99;
				GCC_DYNAMIC_NO_PIC = NO;
				GCC_OPTIMIZATION_LEVEL = 0;
				GCC_PREPROCESSOR_DEFINITIONS = (
					"DEBUG=1",
					"$(inherited)",
				);
				GCC_SYMBOLS_PRIVATE_EXTERN = NO;
				GCC_WARN_64_TO_32_BIT_CONVERSION = YES;
				GCC_WARN_ABOUT_RETURN_TYPE = YES_ERROR;
				GCC_WARN_UNDECLARED_SELECTOR = YES;
				GCC_WARN_UNINITIALIZED_AUTOS = YES_AGGRESSIVE;
				GCC_WARN_UNUSED_FUNCTION = YES;
				GCC_WARN_UNUSED_VARIABLE = YES;
				IPHONEOS_DEPLOYMENT_TARGET = 8.0;
				MTL_ENABLE_DEBUG_INFO = YES;
				ONLY_ACTIVE_ARCH = YES;
				SDKROOT = iphoneos;
				SWIFT_OPTIMIZATION_LEVEL = "-Onone";
			};
			name = Debug;
		};
		17C4DFE5198E428000E0B395 /* Release */ = {
			isa = XCBuildConfiguration;
			buildSettings = {
				ALWAYS_SEARCH_USER_PATHS = NO;
				CLANG_CXX_LANGUAGE_STANDARD = "gnu++0x";
				CLANG_CXX_LIBRARY = "libc++";
				CLANG_ENABLE_MODULES = YES;
				CLANG_ENABLE_OBJC_ARC = YES;
				CLANG_WARN_BOOL_CONVERSION = YES;
				CLANG_WARN_CONSTANT_CONVERSION = YES;
				CLANG_WARN_DIRECT_OBJC_ISA_USAGE = YES_ERROR;
				CLANG_WARN_EMPTY_BODY = YES;
				CLANG_WARN_ENUM_CONVERSION = YES;
				CLANG_WARN_INT_CONVERSION = YES;
				CLANG_WARN_OBJC_ROOT_CLASS = YES_ERROR;
				CLANG_WARN_UNREACHABLE_CODE = YES;
				CLANG_WARN__DUPLICATE_METHOD_MATCH = YES;
				"CODE_SIGN_IDENTITY[sdk=iphoneos*]" = "iPhone Developer";
				COPY_PHASE_STRIP = YES;
				ENABLE_NS_ASSERTIONS = NO;
				ENABLE_STRICT_OBJC_MSGSEND = YES;
				GCC_C_LANGUAGE_STANDARD = gnu99;
				GCC_WARN_64_TO_32_BIT_CONVERSION = YES;
				GCC_WARN_ABOUT_RETURN_TYPE = YES_ERROR;
				GCC_WARN_UNDECLARED_SELECTOR = YES;
				GCC_WARN_UNINITIALIZED_AUTOS = YES_AGGRESSIVE;
				GCC_WARN_UNUSED_FUNCTION = YES;
				GCC_WARN_UNUSED_VARIABLE = YES;
				IPHONEOS_DEPLOYMENT_TARGET = 8.0;
				MTL_ENABLE_DEBUG_INFO = NO;
				SDKROOT = iphoneos;
				VALIDATE_PRODUCT = YES;
			};
			name = Release;
		};
		17C4DFE7198E428000E0B395 /* Debug */ = {
			isa = XCBuildConfiguration;
			buildSettings = {
				ASSETCATALOG_COMPILER_APPICON_NAME = AppIcon;
				ASSETCATALOG_COMPILER_LAUNCHIMAGE_NAME = LaunchImage;
				CLANG_ENABLE_MODULES = YES;
				CODE_SIGN_IDENTITY = "iPhone Developer";
				INFOPLIST_FILE = "SlideOutNavigation/Supporting Files/Info.plist";
				LD_RUNPATH_SEARCH_PATHS = "$(inherited) @executable_path/Frameworks";
				PRODUCT_NAME = SlideOutNavigation;
				SWIFT_OBJC_BRIDGING_HEADER = "SlideOutNavigation/Supporting Files/SlideOutNavigation-Bridging-Header.h";
				SWIFT_OPTIMIZATION_LEVEL = "-Onone";
			};
			name = Debug;
		};
		17C4DFE8198E428000E0B395 /* Release */ = {
			isa = XCBuildConfiguration;
			buildSettings = {
				ASSETCATALOG_COMPILER_APPICON_NAME = AppIcon;
				ASSETCATALOG_COMPILER_LAUNCHIMAGE_NAME = LaunchImage;
				CLANG_ENABLE_MODULES = YES;
				CODE_SIGN_IDENTITY = "iPhone Developer";
				INFOPLIST_FILE = "SlideOutNavigation/Supporting Files/Info.plist";
				LD_RUNPATH_SEARCH_PATHS = "$(inherited) @executable_path/Frameworks";
				PRODUCT_NAME = SlideOutNavigation;
				SWIFT_OBJC_BRIDGING_HEADER = "SlideOutNavigation/Supporting Files/SlideOutNavigation-Bridging-Header.h";
			};
			name = Release;
		};
		17C4DFEA198E428000E0B395 /* Debug */ = {
			isa = XCBuildConfiguration;
			buildSettings = {
				BUNDLE_LOADER = "$(BUILT_PRODUCTS_DIR)/SlideOutNavigation.app/SlideOutNavigation";
				FRAMEWORK_SEARCH_PATHS = (
					"$(SDKROOT)/Developer/Library/Frameworks",
					"$(inherited)",
				);
				GCC_PREPROCESSOR_DEFINITIONS = (
					"DEBUG=1",
					"$(inherited)",
				);
				INFOPLIST_FILE = "SlideOutNavigationTests/Supporting Files/Info.plist";
				LD_RUNPATH_SEARCH_PATHS = "$(inherited) @executable_path/Frameworks @loader_path/Frameworks";
				PRODUCT_NAME = "$(TARGET_NAME)";
				TEST_HOST = "$(BUNDLE_LOADER)";
			};
			name = Debug;
		};
		17C4DFEB198E428000E0B395 /* Release */ = {
			isa = XCBuildConfiguration;
			buildSettings = {
				BUNDLE_LOADER = "$(BUILT_PRODUCTS_DIR)/SlideOutNavigation.app/SlideOutNavigation";
				FRAMEWORK_SEARCH_PATHS = (
					"$(SDKROOT)/Developer/Library/Frameworks",
					"$(inherited)",
				);
				INFOPLIST_FILE = "SlideOutNavigationTests/Supporting Files/Info.plist";
				LD_RUNPATH_SEARCH_PATHS = "$(inherited) @executable_path/Frameworks @loader_path/Frameworks";
				PRODUCT_NAME = "$(TARGET_NAME)";
				TEST_HOST = "$(BUNDLE_LOADER)";
			};
			name = Release;
		};
/* End XCBuildConfiguration section */

/* Begin XCConfigurationList section */
		17C4DFC5198E428000E0B395 /* Build configuration list for PBXProject "Manion Wilkins" */ = {
			isa = XCConfigurationList;
			buildConfigurations = (
				17C4DFE4198E428000E0B395 /* Debug */,
				17C4DFE5198E428000E0B395 /* Release */,
			);
			defaultConfigurationIsVisible = 0;
			defaultConfigurationName = Release;
		};
		17C4DFE6198E428000E0B395 /* Build configuration list for PBXNativeTarget "SlideOutNavigation" */ = {
			isa = XCConfigurationList;
			buildConfigurations = (
				17C4DFE7198E428000E0B395 /* Debug */,
				17C4DFE8198E428000E0B395 /* Release */,
			);
			defaultConfigurationIsVisible = 0;
			defaultConfigurationName = Release;
		};
		17C4DFE9198E428000E0B395 /* Build configuration list for PBXNativeTarget "SlideOutNavigationTests" */ = {
			isa = XCConfigurationList;
			buildConfigurations = (
				17C4DFEA198E428000E0B395 /* Debug */,
				17C4DFEB198E428000E0B395 /* Release */,
			);
			defaultConfigurationIsVisible = 0;
			defaultConfigurationName = Release;
		};
/* End XCConfigurationList section */
	};
	rootObject = 17C4DFC2198E428000E0B395 /* Project object */;
}
